
Microsoft Visual Studio Solution File, Format Version 12.00
# Visual Studio Version 17
VisualStudioVersion = 17.11.35327.3
MinimumVisualStudioVersion = 10.0.40219.1
Project("{FAE04EC0-301F-11D3-BF4B-00C04F79EFBC}") = "Estacionamento de Carros", "Estacionamento de Carros\Estacionamento de Carros.csproj", "{DDDEF57A-7373-420A-8D3C-DD8144E15884}"
EndProject
Global
	GlobalSection(SolutionConfigurationPlatforms) = preSolution
		Debug|Any CPU = Debug|Any CPU
		Release|Any CPU = Release|Any CPU
	EndGlobalSection
	GlobalSection(ProjectConfigurationPlatforms) = postSolution
		{DDDEF57A-7373-420A-8D3C-DD8144E15884}.Debug|Any CPU.ActiveCfg = Debug|Any CPU
		{DDDEF57A-7373-420A-8D3C-DD8144E15884}.Debug|Any CPU.Build.0 = Debug|Any CPU
		{DDDEF57A-7373-420A-8D3C-DD8144E15884}.Release|Any CPU.ActiveCfg = Release|Any CPU
		{DDDEF57A-7373-420A-8D3C-DD8144E15884}.Release|Any CPU.Build.0 = Release|Any CPU
	EndGlobalSection
	GlobalSection(SolutionProperties) = preSolution
		HideSolutionNode = FALSE
	EndGlobalSection
	GlobalSection(ExtensibilityGlobals) = postSolution
		SolutionGuid = {8FD27405-898B-4FD7-B12B-5EDA3223BD6F}
	EndGlobalSection
EndGlobal
