
Microsoft Visual Studio Solution File, Format Version 12.00
# Visual Studio Version 17
VisualStudioVersion = 17.11.35327.3
MinimumVisualStudioVersion = 10.0.40219.1
Project("{FAE04EC0-301F-11D3-BF4B-00C04F79EFBC}") = "Arrays e Listas em C#", "Arrays e Listas em C#\Arrays e Listas em C#.csproj", "{8E3DE2CF-61B1-4F51-8F67-D4C494687B77}"
EndProject
Global
	GlobalSection(SolutionConfigurationPlatforms) = preSolution
		Debug|Any CPU = Debug|Any CPU
		Release|Any CPU = Release|Any CPU
	EndGlobalSection
	GlobalSection(ProjectConfigurationPlatforms) = postSolution
		{8E3DE2CF-61B1-4F51-8F67-D4C494687B77}.Debug|Any CPU.ActiveCfg = Debug|Any CPU
		{8E3DE2CF-61B1-4F51-8F67-D4C494687B77}.Debug|Any CPU.Build.0 = Debug|Any CPU
		{8E3DE2CF-61B1-4F51-8F67-D4C494687B77}.Release|Any CPU.ActiveCfg = Release|Any CPU
		{8E3DE2CF-61B1-4F51-8F67-D4C494687B77}.Release|Any CPU.Build.0 = Release|Any CPU
	EndGlobalSection
	GlobalSection(SolutionProperties) = preSolution
		HideSolutionNode = FALSE
	EndGlobalSection
	GlobalSection(ExtensibilityGlobals) = postSolution
		SolutionGuid = {3BB1470E-CF04-4AAF-82B3-F79E0822D411}
	EndGlobalSection
EndGlobal
